Microsoft Visual Studio Solution File, Format Version 12.00
# Visual Studio Version 18
VisualStudioVersion = 18.7.11925.98 stable
MinimumVisualStudioVersion = 10.0.40219.1
Project("{FAE04EC0-301F-11D3-BF4B-00C04F79EFBC}") = "Acceso_DAL", "Acceso_DAL\Acceso_DAL.csproj", "{9F3CE110-51B0-4DCB-AD52-223AF3CB6AA5}"
EndProject
Project("{FAE04EC0-301F-11D3-BF4B-00C04F79EFBC}") = "Entidad_BE", "Entidad_BE\Entidad_BE.csproj", "{0F3CF233-91C7-4990-92F2-DA2EA11CC946}"
EndProject
Project("{FAE04EC0-301F-11D3-BF4B-00C04F79EFBC}") = "Negocio_BLL", "Negocio_BLL\Negocio_BLL.csproj", "{7A5ED90E-9242-4B6E-8CD9-4BB3B4D2AE3C}"
EndProject
Project("{FAE04EC0-301F-11D3-BF4B-00C04F79EFBC}") = "Servicios", "Servicios\Servicios.csproj", "{9F46CA28-E371-400A-BCCF-FB13216EA2F4}"
EndProject
Project("{FAE04EC0-301F-11D3-BF4B-00C04F79EFBC}") = "Presentacion", "TP_SanchezVillaverde\Presentacion.csproj", "{7294386D-721E-4C3C-AEBE-F8E93FA37D9D}"
EndProject
Global
	GlobalSection(SolutionConfigurationPlatforms) = preSolution
		Debug|Any CPU = Debug|Any CPU
		Release|Any CPU = Release|Any CPU
	EndGlobalSection
	GlobalSection(ProjectConfigurationPlatforms) = postSolution
		{9F3CE110-51B0-4DCB-AD52-223AF3CB6AA5}.Debug|Any CPU.ActiveCfg = Debug|Any CPU
		{9F3CE110-51B0-4DCB-AD52-223AF3CB6AA5}.Debug|Any CPU.Build.0 = Debug|Any CPU
		{9F3CE110-51B0-4DCB-AD52-223AF3CB6AA5}.Release|Any CPU.ActiveCfg = Release|Any CPU
		{9F3CE110-51B0-4DCB-AD52-223AF3CB6AA5}.Release|Any CPU.Build.0 = Release|Any CPU
		{0F3CF233-91C7-4990-92F2-DA2EA11CC946}.Debug|Any CPU.ActiveCfg = Debug|Any CPU
		{0F3CF233-91C7-4990-92F2-DA2EA11CC946}.Debug|Any CPU.Build.0 = Debug|Any CPU
		{0F3CF233-91C7-4990-92F2-DA2EA11CC946}.Release|Any CPU.ActiveCfg = Release|Any CPU
		{0F3CF233-91C7-4990-92F2-DA2EA11CC946}.Release|Any CPU.Build.0 = Release|Any CPU
		{7A5ED90E-9242-4B6E-8CD9-4BB3B4D2AE3C}.Debug|Any CPU.ActiveCfg = Debug|Any CPU
		{7A5ED90E-9242-4B6E-8CD9-4BB3B4D2AE3C}.Debug|Any CPU.Build.0 = Debug|Any CPU
		{7A5ED90E-9242-4B6E-8CD9-4BB3B4D2AE3C}.Release|Any CPU.ActiveCfg = Release|Any CPU
		{7A5ED90E-9242-4B6E-8CD9-4BB3B4D2AE3C}.Release|Any CPU.Build.0 = Release|Any CPU
		{9F46CA28-E371-400A-BCCF-FB13216EA2F4}.Debug|Any CPU.ActiveCfg = Debug|Any CPU
		{9F46CA28-E371-400A-BCCF-FB13216EA2F4}.Debug|Any CPU.Build.0 = Debug|Any CPU
		{9F46CA28-E371-400A-BCCF-FB13216EA2F4}.Release|Any CPU.ActiveCfg = Release|Any CPU
		{9F46CA28-E371-400A-BCCF-FB13216EA2F4}.Release|Any CPU.Build.0 = Release|Any CPU
		{7294386D-721E-4C3C-AEBE-F8E93FA37D9D}.Debug|Any CPU.ActiveCfg = Debug|Any CPU
		{7294386D-721E-4C3C-AEBE-F8E93FA37D9D}.Debug|Any CPU.Build.0 = Debug|Any CPU
		{7294386D-721E-4C3C-AEBE-F8E93FA37D9D}.Release|Any CPU.ActiveCfg = Release|Any CPU
		{7294386D-721E-4C3C-AEBE-F8E93FA37D9D}.Release|Any CPU.Build.0 = Release|Any CPU
	EndGlobalSection
	GlobalSection(SolutionProperties) = preSolution
		HideSolutionNode = FALSE
	EndGlobalSection
EndGlobal
